// !$*UTF8*$!
{
	archiveVersion = 1;
	classes = {
	};
	objectVersion = 48;
	objects = {

/* Begin PBXBuildFile section */
		CE100CBE1F882B3D001C2656 /* User.m in Sources */ = {isa = PBXBuildFile; fileRef = CE100CBD1F882B3D001C2656 /* User.m */; };
		CE5072BB1F8A849900B34987 /* PostTableViewCell.m in Sources */ = {isa = PBXBuildFile; fileRef = CE5072BA1F8A849900B34987 /* PostTableViewCell.m */; };
		CE5072BE1F8A92DB00B34987 /* TextPostDetailViewController.m in Sources */ = {isa = PBXBuildFile; fileRef = CE5072BD1F8A92DB00B34987 /* TextPostDetailViewController.m */; };
		CE5072C21F8A92F500B34987 /* PhotoPostDetailViewController.m in Sources */ = {isa = PBXBuildFile; fileRef = CE5072C11F8A92F500B34987 /* PhotoPostDetailViewController.m */; };
		CE5072C51F8AD36400B34987 /* PhotoTableViewCell.m in Sources */ = {isa = PBXBuildFile; fileRef = CE5072C41F8AD36400B34987 /* PhotoTableViewCell.m */; };
		CE9734501F899FE40050EE9C /* PostsViewController.m in Sources */ = {isa = PBXBuildFile; fileRef = CE97344F1F899FE40050EE9C /* PostsViewController.m */; };
		CE9734541F89A45D0050EE9C /* PostsDataSource.m in Sources */ = {isa = PBXBuildFile; fileRef = CE9734531F89A45D0050EE9C /* PostsDataSource.m */; };
		CEEBFB631F87BC010040B2EB /* AppDelegate.m in Sources */ = {isa = PBXBuildFile; fileRef = CEEBFB621F87BC010040B2EB /* AppDelegate.m */; };
		CEEBFB6B1F87BC010040B2EB /* Assets.xcassets in Resources */ = {isa = PBXBuildFile; fileRef = CEEBFB6A1F87BC010040B2EB /* Assets.xcassets */; };
		CEEBFB711F87BC010040B2EB /* main.m in Sources */ = {isa = PBXBuildFile; fileRef = CEEBFB701F87BC010040B2EB /* main.m */; };
		CEEBFB7B1F87BC010040B2EB /* TumblrAppObjcTests.m in Sources */ = {isa = PBXBuildFile; fileRef = CEEBFB7A1F87BC010040B2EB /* TumblrAppObjcTests.m */; };
		CEEBFB8C1F87CA620040B2EB /* TumblrAPIClient.m in Sources */ = {isa = PBXBuildFile; fileRef = CEEBFB8A1F87C62C0040B2EB /* TumblrAPIClient.m */; };
		CEEBFB8D1F87D5420040B2EB /* XMLDictionary.m in Sources */ = {isa = PBXBuildFile; fileRef = CEEBFB871F87C2DB0040B2EB /* XMLDictionary.m */; };
		CEEBFB961F8807B00040B2EB /* Post.m in Sources */ = {isa = PBXBuildFile; fileRef = CEEBFB951F8807B00040B2EB /* Post.m */; };
		DCA6C1AE9679828ED3B6C14F /* libPods-TumblrAppObjc.a in Frameworks */ = {isa = PBXBuildFile; fileRef = E5DFB59936EE0CB46C259977 /* libPods-TumblrAppObjc.a */; };
		EFCC63F68ADC05921DF7706A /* libPods-TumblrAppObjcTests.a in Frameworks */ = {isa = PBXBuildFile; fileRef = 1C24D29487082E48B4E05CED /* libPods-TumblrAppObjcTests.a */; };
/* End PBXBuildFile section */

/* Begin PBXContainerItemProxy section */
		CEEBFB771F87BC010040B2EB /* PBXContainerItemProxy */ = {
			isa = PBXContainerItemProxy;
			containerPortal = CEEBFB561F87BC010040B2EB /* Project object */;
			proxyType = 1;
			remoteGlobalIDString = CEEBFB5D1F87BC010040B2EB;
			remoteInfo = TumblrAppObjc;
		};
/* End PBXContainerItemProxy section */

/* Begin PBXFileReference section */
		0A33BF69608629B46D627D6C /* Pods-TumblrAppObjcTests.debug.xcconfig */ = {isa = PBXFileReference; includeInIndex = 1; lastKnownFileType = text.xcconfig; name = "Pods-TumblrAppObjcTests.debug.xcconfig"; path = "Pods/Target Support Files/Pods-TumblrAppObjcTests/Pods-TumblrAppObjcTests.debug.xcconfig"; sourceTree = "<group>"; };
		1C24D29487082E48B4E05CED /* libPods-TumblrAppObjcTests.a */ = {isa = PBXFileReference; explicitFileType = archive.ar; includeInIndex = 0; path = "libPods-TumblrAppObjcTests.a"; sourceTree = BUILT_PRODUCTS_DIR; };
		3D634726950898D957A81E96 /* Pods-TumblrAppObjcTests.release.xcconfig */ = {isa = PBXFileReference; includeInIndex = 1; lastKnownFileType = text.xcconfig; name = "Pods-TumblrAppObjcTests.release.xcconfig"; path = "Pods/Target Support Files/Pods-TumblrAppObjcTests/Pods-TumblrAppObjcTests.release.xcconfig"; sourceTree = "<group>"; };
		B435302FA05B3F7FDF8A04D2 /* Pods-TumblrAppObjc.debug.xcconfig */ = {isa = PBXFileReference; includeInIndex = 1; lastKnownFileType = text.xcconfig; name = "Pods-TumblrAppObjc.debug.xcconfig"; path = "Pods/Target Support Files/Pods-TumblrAppObjc/Pods-TumblrAppObjc.debug.xcconfig"; sourceTree = "<group>"; };
		CE100CBC1F882B3D001C2656 /* User.h */ = {isa = PBXFileReference; lastKnownFileType = sourcecode.c.h; path = User.h; sourceTree = "<group>"; };
		CE100CBD1F882B3D001C2656 /* User.m */ = {isa = PBXFileReference; lastKnownFileType = sourcecode.c.objc; path = User.m; sourceTree = "<group>"; };
		CE5072B91F8A849900B34987 /* PostTableViewCell.h */ = {isa = PBXFileReference; lastKnownFileType = sourcecode.c.h; path = PostTableViewCell.h; sourceTree = "<group>"; };
		CE5072BA1F8A849900B34987 /* PostTableViewCell.m */ = {isa = PBXFileReference; lastKnownFileType = sourcecode.c.objc; path = PostTableViewCell.m; sourceTree = "<group>"; };
		CE5072BC1F8A92DB00B34987 /* TextPostDetailViewController.h */ = {isa = PBXFileReference; lastKnownFileType = sourcecode.c.h; path = TextPostDetailViewController.h; sourceTree = "<group>"; };
		CE5072BD1F8A92DB00B34987 /* TextPostDetailViewController.m */ = {isa = PBXFileReference; lastKnownFileType = sourcecode.c.objc; path = TextPostDetailViewController.m; sourceTree = "<group>"; };
		CE5072C01F8A92F500B34987 /* PhotoPostDetailViewController.h */ = {isa = PBXFileReference; lastKnownFileType = sourcecode.c.h; path = PhotoPostDetailViewController.h; sourceTree = "<group>"; };
		CE5072C11F8A92F500B34987 /* PhotoPostDetailViewController.m */ = {isa = PBXFileReference; lastKnownFileType = sourcecode.c.objc; path = PhotoPostDetailViewController.m; sourceTree = "<group>"; };
		CE5072C31F8AD36400B34987 /* PhotoTableViewCell.h */ = {isa = PBXFileReference; lastKnownFileType = sourcecode.c.h; path = PhotoTableViewCell.h; sourceTree = "<group>"; };
		CE5072C41F8AD36400B34987 /* PhotoTableViewCell.m */ = {isa = PBXFileReference; lastKnownFileType = sourcecode.c.objc; path = PhotoTableViewCell.m; sourceTree = "<group>"; };
		CE97344E1F899FE40050EE9C /* PostsViewController.h */ = {isa = PBXFileReference; lastKnownFileType = sourcecode.c.h; path = PostsViewController.h; sourceTree = "<group>"; };
		CE97344F1F899FE40050EE9C /* PostsViewController.m */ = {isa = PBXFileReference; lastKnownFileType = sourcecode.c.objc; path = PostsViewController.m; sourceTree = "<group>"; };
		CE9734521F89A45D0050EE9C /* PostsDataSource.h */ = {isa = PBXFileReference; lastKnownFileType = sourcecode.c.h; path = PostsDataSource.h; sourceTree = "<group>"; };
		CE9734531F89A45D0050EE9C /* PostsDataSource.m */ = {isa = PBXFileReference; lastKnownFileType = sourcecode.c.objc; path = PostsDataSource.m; sourceTree = "<group>"; };
		CEEBFB5E1F87BC010040B2EB /* TumblrAppObjc.app */ = {isa = PBXFileReference; explicitFileType = wrapper.application; includeInIndex = 0; path = TumblrAppObjc.app; sourceTree = BUILT_PRODUCTS_DIR; };
		CEEBFB611F87BC010040B2EB /* AppDelegate.h */ = {isa = PBXFileReference; lastKnownFileType = sourcecode.c.h; path = AppDelegate.h; sourceTree = "<group>"; };
		CEEBFB621F87BC010040B2EB /* AppDelegate.m */ = {isa = PBXFileReference; lastKnownFileType = sourcecode.c.objc; path = AppDelegate.m; sourceTree = "<group>"; };
		CEEBFB6A1F87BC010040B2EB /* Assets.xcassets */ = {isa = PBXFileReference; lastKnownFileType = folder.assetcatalog; path = Assets.xcassets; sourceTree = "<group>"; };
		CEEBFB6F1F87BC010040B2EB /* Info.plist */ = {isa = PBXFileReference; lastKnownFileType = text.plist.xml; path = Info.plist; sourceTree = "<group>"; };
		CEEBFB701F87BC010040B2EB /* main.m */ = {isa = PBXFileReference; lastKnownFileType = sourcecode.c.objc; path = main.m; sourceTree = "<group>"; };
		CEEBFB761F87BC010040B2EB /* TumblrAppObjcTests.xctest */ = {isa = PBXFileReference; explicitFileType = wrapper.cfbundle; includeInIndex = 0; path = TumblrAppObjcTests.xctest; sourceTree = BUILT_PRODUCTS_DIR; };
		CEEBFB7A1F87BC010040B2EB /* TumblrAppObjcTests.m */ = {isa = PBXFileReference; lastKnownFileType = sourcecode.c.objc; path = TumblrAppObjcTests.m; sourceTree = "<group>"; };
		CEEBFB7C1F87BC010040B2EB /* Info.plist */ = {isa = PBXFileReference; lastKnownFileType = text.plist.xml; path = Info.plist; sourceTree = "<group>"; };
		CEEBFB871F87C2DB0040B2EB /* XMLDictionary.m */ = {isa = PBXFileReference; lastKnownFileType = sourcecode.c.objc; path = XMLDictionary.m; sourceTree = "<group>"; };
		CEEBFB881F87C2DB0040B2EB /* XMLDictionary.h */ = {isa = PBXFileReference; lastKnownFileType = sourcecode.c.h; path = XMLDictionary.h; sourceTree = "<group>"; };
		CEEBFB8A1F87C62C0040B2EB /* TumblrAPIClient.m */ = {isa = PBXFileReference; lastKnownFileType = sourcecode.c.objc; path = TumblrAPIClient.m; sourceTree = "<group>"; };
		CEEBFB8B1F87C62C0040B2EB /* TumblrAPIClient.h */ = {isa = PBXFileReference; lastKnownFileType = sourcecode.c.h; path = TumblrAPIClient.h; sourceTree = "<group>"; };
		CEEBFB941F8807B00040B2EB /* Post.h */ = {isa = PBXFileReference; lastKnownFileType = sourcecode.c.h; path = Post.h; sourceTree = "<group>"; };
		CEEBFB951F8807B00040B2EB /* Post.m */ = {isa = PBXFileReference; lastKnownFileType = sourcecode.c.objc; path = Post.m; sourceTree = "<group>"; };
		E5DFB59936EE0CB46C259977 /* libPods-TumblrAppObjc.a */ = {isa = PBXFileReference; explicitFileType = archive.ar; includeInIndex = 0; path = "libPods-TumblrAppObjc.a"; sourceTree = BUILT_PRODUCTS_DIR; };
		F5164EE1C2CC165CAC19151B /* Pods-TumblrAppObjc.release.xcconfig */ = {isa = PBXFileReference; includeInIndex = 1; lastKnownFileType = text.xcconfig; name = "Pods-TumblrAppObjc.release.xcconfig"; path = "Pods/Target Support Files/Pods-TumblrAppObjc/Pods-TumblrAppObjc.release.xcconfig"; sourceTree = "<group>"; };
/* End PBXFileReference section */

/* Begin PBXFrameworksBuildPhase section */
		CEEBFB5B1F87BC010040B2EB /* Frameworks */ = {
			isa = PBXFrameworksBuildPhase;
			buildActionMask = 2147483647;
			files = (
				DCA6C1AE9679828ED3B6C14F /* libPods-TumblrAppObjc.a in Frameworks */,
			);
			runOnlyForDeploymentPostprocessing = 0;
		};
		CEEBFB731F87BC010040B2EB /* Frameworks */ = {
			isa = PBXFrameworksBuildPhase;
			buildActionMask = 2147483647;
			files = (
				EFCC63F68ADC05921DF7706A /* libPods-TumblrAppObjcTests.a in Frameworks */,
			);
			runOnlyForDeploymentPostprocessing = 0;
		};
/* End PBXFrameworksBuildPhase section */

/* Begin PBXGroup section */
		8FF27F60ACA7F9932F69892E /* Frameworks */ = {
			isa = PBXGroup;
			children = (
				E5DFB59936EE0CB46C259977 /* libPods-TumblrAppObjc.a */,
				1C24D29487082E48B4E05CED /* libPods-TumblrAppObjcTests.a */,
			);
			name = Frameworks;
			sourceTree = "<group>";
		};
		CE5072B71F8A846C00B34987 /* View */ = {
			isa = PBXGroup;
			children = (
				CE5072B81F8A847200B34987 /* Cells */,
			);
			path = View;
			sourceTree = "<group>";
		};
		CE5072B81F8A847200B34987 /* Cells */ = {
			isa = PBXGroup;
			children = (
				CE5072B91F8A849900B34987 /* PostTableViewCell.h */,
				CE5072BA1F8A849900B34987 /* PostTableViewCell.m */,
				CE5072C31F8AD36400B34987 /* PhotoTableViewCell.h */,
				CE5072C41F8AD36400B34987 /* PhotoTableViewCell.m */,
			);
			path = Cells;
			sourceTree = "<group>";
		};
		CE97344D1F899F8C0050EE9C /* ViewControllers */ = {
			isa = PBXGroup;
			children = (
				CE97344E1F899FE40050EE9C /* PostsViewController.h */,
				CE97344F1F899FE40050EE9C /* PostsViewController.m */,
				CE5072BC1F8A92DB00B34987 /* TextPostDetailViewController.h */,
				CE5072BD1F8A92DB00B34987 /* TextPostDetailViewController.m */,
				CE5072C01F8A92F500B34987 /* PhotoPostDetailViewController.h */,
				CE5072C11F8A92F500B34987 /* PhotoPostDetailViewController.m */,
			);
			path = ViewControllers;
			sourceTree = "<group>";
		};
		CE9734511F89A4250050EE9C /* DataSources */ = {
			isa = PBXGroup;
			children = (
				CE9734521F89A45D0050EE9C /* PostsDataSource.h */,
				CE9734531F89A45D0050EE9C /* PostsDataSource.m */,
			);
			path = DataSources;
			sourceTree = "<group>";
		};
		CEEBFB551F87BC010040B2EB = {
			isa = PBXGroup;
			children = (
				CEEBFB601F87BC010040B2EB /* TumblrAppObjc */,
				CEEBFB861F87C2C30040B2EB /* XMLDictionary */,
				CEEBFB791F87BC010040B2EB /* TumblrAppObjcTests */,
				CEEBFB5F1F87BC010040B2EB /* Products */,
				F56445E21F0800B4EED01775 /* Pods */,
				8FF27F60ACA7F9932F69892E /* Frameworks */,
			);
			sourceTree = "<group>";
		};
		CEEBFB5F1F87BC010040B2EB /* Products */ = {
			isa = PBXGroup;
			children = (
				CEEBFB5E1F87BC010040B2EB /* TumblrAppObjc.app */,
				CEEBFB761F87BC010040B2EB /* TumblrAppObjcTests.xctest */,
			);
			name = Products;
			sourceTree = "<group>";
		};
		CEEBFB601F87BC010040B2EB /* TumblrAppObjc */ = {
			isa = PBXGroup;
			children = (
				CE5072B71F8A846C00B34987 /* View */,
				CE9734511F89A4250050EE9C /* DataSources */,
				CE97344D1F899F8C0050EE9C /* ViewControllers */,
				CEEBFB931F8807A20040B2EB /* Model */,
				CEEBFB891F87C32F0040B2EB /* TumblrApi */,
				CEEBFB611F87BC010040B2EB /* AppDelegate.h */,
				CEEBFB621F87BC010040B2EB /* AppDelegate.m */,
				CEEBFB851F87C1780040B2EB /* SupportingFiles */,
			);
			path = TumblrAppObjc;
			sourceTree = "<group>";
		};
		CEEBFB791F87BC010040B2EB /* TumblrAppObjcTests */ = {
			isa = PBXGroup;
			children = (
				CEEBFB7A1F87BC010040B2EB /* TumblrAppObjcTests.m */,
				CEEBFB7C1F87BC010040B2EB /* Info.plist */,
			);
			path = TumblrAppObjcTests;
			sourceTree = "<group>";
		};
		CEEBFB851F87C1780040B2EB /* SupportingFiles */ = {
			isa = PBXGroup;
			children = (
				CEEBFB6A1F87BC010040B2EB /* Assets.xcassets */,
				CEEBFB6F1F87BC010040B2EB /* Info.plist */,
				CEEBFB701F87BC010040B2EB /* main.m */,
			);
			path = SupportingFiles;
			sourceTree = "<group>";
		};
		CEEBFB861F87C2C30040B2EB /* XMLDictionary */ = {
			isa = PBXGroup;
			children = (
				CEEBFB881F87C2DB0040B2EB /* XMLDictionary.h */,
				CEEBFB871F87C2DB0040B2EB /* XMLDictionary.m */,
			);
			path = XMLDictionary;
			sourceTree = "<group>";
		};
		CEEBFB891F87C32F0040B2EB /* TumblrApi */ = {
			isa = PBXGroup;
			children = (
				CEEBFB8B1F87C62C0040B2EB /* TumblrAPIClient.h */,
				CEEBFB8A1F87C62C0040B2EB /* TumblrAPIClient.m */,
			);
			path = TumblrApi;
			sourceTree = "<group>";
		};
		CEEBFB931F8807A20040B2EB /* Model */ = {
			isa = PBXGroup;
			children = (
				CEEBFB941F8807B00040B2EB /* Post.h */,
				CEEBFB951F8807B00040B2EB /* Post.m */,
				CE100CBC1F882B3D001C2656 /* User.h */,
				CE100CBD1F882B3D001C2656 /* User.m */,
			);
			path = Model;
			sourceTree = "<group>";
		};
		F56445E21F0800B4EED01775 /* Pods */ = {
			isa = PBXGroup;
			children = (
				B435302FA05B3F7FDF8A04D2 /* Pods-TumblrAppObjc.debug.xcconfig */,
				F5164EE1C2CC165CAC19151B /* Pods-TumblrAppObjc.release.xcconfig */,
				0A33BF69608629B46D627D6C /* Pods-TumblrAppObjcTests.debug.xcconfig */,
				3D634726950898D957A81E96 /* Pods-TumblrAppObjcTests.release.xcconfig */,
			);
			name = Pods;
			sourceTree = "<group>";
		};
/* End PBXGroup section */

/* Begin PBXNativeTarget section */
		CEEBFB5D1F87BC010040B2EB /* TumblrAppObjc */ = {
			isa = PBXNativeTarget;
			buildConfigurationList = CEEBFB7F1F87BC010040B2EB /* Build configuration list for PBXNativeTarget "TumblrAppObjc" */;
			buildPhases = (
				A9509CA1332CEDE5408E3511 /* [CP] Check Pods Manifest.lock */,
				CEEBFB5A1F87BC010040B2EB /* Sources */,
				CEEBFB5B1F87BC010040B2EB /* Frameworks */,
				CEEBFB5C1F87BC010040B2EB /* Resources */,
				CE6802445A8090B399E2E731 /* [CP] Embed Pods Frameworks */,
				5F3E5DC5A0BD280C5B4BA0B8 /* [CP] Copy Pods Resources */,
			);
			buildRules = (
			);
			dependencies = (
			);
			name = TumblrAppObjc;
			productName = TumblrAppObjc;
			productReference = CEEBFB5E1F87BC010040B2EB /* TumblrAppObjc.app */;
			productType = "com.apple.product-type.application";
		};
		CEEBFB751F87BC010040B2EB /* TumblrAppObjcTests */ = {
			isa = PBXNativeTarget;
			buildConfigurationList = CEEBFB821F87BC010040B2EB /* Build configuration list for PBXNativeTarget "TumblrAppObjcTests" */;
			buildPhases = (
				680F0D194E9F4EC5F57553F5 /* [CP] Check Pods Manifest.lock */,
				CEEBFB721F87BC010040B2EB /* Sources */,
				CEEBFB731F87BC010040B2EB /* Frameworks */,
				CEEBFB741F87BC010040B2EB /* Resources */,
				2ED0B7138BA02BBCA9F564D5 /* [CP] Embed Pods Frameworks */,
				F631137341F32FD9BFE3B841 /* [CP] Copy Pods Resources */,
			);
			buildRules = (
			);
			dependencies = (
				CEEBFB781F87BC010040B2EB /* PBXTargetDependency */,
			);
			name = TumblrAppObjcTests;
			productName = TumblrAppObjcTests;
			productReference = CEEBFB761F87BC010040B2EB /* TumblrAppObjcTests.xctest */;
			productType = "com.apple.product-type.bundle.unit-test";
		};
/* End PBXNativeTarget section */

/* Begin PBXProject section */
		CEEBFB561F87BC010040B2EB /* Project object */ = {
			isa = PBXProject;
			attributes = {
				LastUpgradeCheck = 0900;
				ORGANIZATIONNAME = "Jakub Matuła";
				TargetAttributes = {
					CEEBFB5D1F87BC010040B2EB = {
						CreatedOnToolsVersion = 9.0;
						ProvisioningStyle = Automatic;
					};
					CEEBFB751F87BC010040B2EB = {
						CreatedOnToolsVersion = 9.0;
						ProvisioningStyle = Automatic;
						TestTargetID = CEEBFB5D1F87BC010040B2EB;
					};
				};
			};
			buildConfigurationList = CEEBFB591F87BC010040B2EB /* Build configuration list for PBXProject "TumblrAppObjc" */;
			compatibilityVersion = "Xcode 8.0";
			developmentRegion = en;
			hasScannedForEncodings = 0;
			knownRegions = (
				en,
				Base,
			);
			mainGroup = CEEBFB551F87BC010040B2EB;
			productRefGroup = CEEBFB5F1F87BC010040B2EB /* Products */;
			projectDirPath = "";
			projectRoot = "";
			targets = (
				CEEBFB5D1F87BC010040B2EB /* TumblrAppObjc */,
				CEEBFB751F87BC010040B2EB /* TumblrAppObjcTests */,
			);
		};
/* End PBXProject section */

/* Begin PBXResourcesBuildPhase section */
		CEEBFB5C1F87BC010040B2EB /* Resources */ = {
			isa = PBXResourcesBuildPhase;
			buildActionMask = 2147483647;
			files = (
				CEEBFB6B1F87BC010040B2EB /* Assets.xcassets in Resources */,
			);
			runOnlyForDeploymentPostprocessing = 0;
		};
		CEEBFB741F87BC010040B2EB /* Resources */ = {
			isa = PBXResourcesBuildPhase;
			buildActionMask = 2147483647;
			files = (
			);
			runOnlyForDeploymentPostprocessing = 0;
		};
/* End PBXResourcesBuildPhase section */

/* Begin PBXShellScriptBuildPhase section */
		2ED0B7138BA02BBCA9F564D5 /* [CP] Embed Pods Frameworks */ = {
			isa = PBXShellScriptBuildPhase;
			buildActionMask = 2147483647;
			files = (
			);
			inputPaths = (
			);
			name = "[CP] Embed Pods Frameworks";
			outputPaths = (
			);
			runOnlyForDeploymentPostprocessing = 0;
			shellPath = /bin/sh;
			shellScript = "\"${SRCROOT}/Pods/Target Support Files/Pods-TumblrAppObjcTests/Pods-TumblrAppObjcTests-frameworks.sh\"\n";
			showEnvVarsInLog = 0;
		};
		5F3E5DC5A0BD280C5B4BA0B8 /* [CP] Copy Pods Resources */ = {
			isa = PBXShellScriptBuildPhase;
			buildActionMask = 2147483647;
			files = (
			);
			inputPaths = (
			);
			name = "[CP] Copy Pods Resources";
			outputPaths = (
			);
			runOnlyForDeploymentPostprocessing = 0;
			shellPath = /bin/sh;
			shellScript = "\"${SRCROOT}/Pods/Target Support Files/Pods-TumblrAppObjc/Pods-TumblrAppObjc-resources.sh\"\n";
			showEnvVarsInLog = 0;
		};
		680F0D194E9F4EC5F57553F5 /* [CP] Check Pods Manifest.lock */ = {
			isa = PBXShellScriptBuildPhase;
			buildActionMask = 2147483647;
			files = (
			);
			inputPaths = (
				"${PODS_PODFILE_DIR_PATH}/Podfile.lock",
				"${PODS_ROOT}/Manifest.lock",
			);
			name = "[CP] Check Pods Manifest.lock";
			outputPaths = (
				"$(DERIVED_FILE_DIR)/Pods-TumblrAppObjcTests-checkManifestLockResult.txt",
			);
			runOnlyForDeploymentPostprocessing = 0;
			shellPath = /bin/sh;
			shellScript = "diff \"${PODS_PODFILE_DIR_PATH}/Podfile.lock\" \"${PODS_ROOT}/Manifest.lock\" > /dev/null\nif [ $? != 0 ] ; then\n    # print error to STDERR\n    echo \"error: The sandbox is not in sync with the Podfile.lock. Run 'pod install' or update your CocoaPods installation.\" >&2\n    exit 1\nfi\n# This output is used by Xcode 'outputs' to avoid re-running this script phase.\necho \"SUCCESS\" > \"${SCRIPT_OUTPUT_FILE_0}\"\n";
			showEnvVarsInLog = 0;
		};
		A9509CA1332CEDE5408E3511 /* [CP] Check Pods Manifest.lock */ = {
			isa = PBXShellScriptBuildPhase;
			buildActionMask = 2147483647;
			files = (
			);
			inputPaths = (
				"${PODS_PODFILE_DIR_PATH}/Podfile.lock",
				"${PODS_ROOT}/Manifest.lock",
			);
			name = "[CP] Check Pods Manifest.lock";
			outputPaths = (
				"$(DERIVED_FILE_DIR)/Pods-TumblrAppObjc-checkManifestLockResult.txt",
			);
			runOnlyForDeploymentPostprocessing = 0;
			shellPath = /bin/sh;
			shellScript = "diff \"${PODS_PODFILE_DIR_PATH}/Podfile.lock\" \"${PODS_ROOT}/Manifest.lock\" > /dev/null\nif [ $? != 0 ] ; then\n    # print error to STDERR\n    echo \"error: The sandbox is not in sync with the Podfile.lock. Run 'pod install' or update your CocoaPods installation.\" >&2\n    exit 1\nfi\n# This output is used by Xcode 'outputs' to avoid re-running this script phase.\necho \"SUCCESS\" > \"${SCRIPT_OUTPUT_FILE_0}\"\n";
			showEnvVarsInLog = 0;
		};
		CE6802445A8090B399E2E731 /* [CP] Embed Pods Frameworks */ = {
			isa = PBXShellScriptBuildPhase;
			buildActionMask = 2147483647;
			files = (
			);
			inputPaths = (
			);
			name = "[CP] Embed Pods Frameworks";
			outputPaths = (
			);
			runOnlyForDeploymentPostprocessing = 0;
			shellPath = /bin/sh;
			shellScript = "\"${SRCROOT}/Pods/Target Support Files/Pods-TumblrAppObjc/Pods-TumblrAppObjc-frameworks.sh\"\n";
			showEnvVarsInLog = 0;
		};
		F631137341F32FD9BFE3B841 /* [CP] Copy Pods Resources */ = {
			isa = PBXShellScriptBuildPhase;
			buildActionMask = 2147483647;
			files = (
			);
			inputPaths = (
			);
			name = "[CP] Copy Pods Resources";
			outputPaths = (
			);
			runOnlyForDeploymentPostprocessing = 0;
			shellPath = /bin/sh;
			shellScript = "\"${SRCROOT}/Pods/Target Support Files/Pods-TumblrAppObjcTests/Pods-TumblrAppObjcTests-resources.sh\"\n";
			showEnvVarsInLog = 0;
		};
/* End PBXShellScriptBuildPhase section */

/* Begin PBXSourcesBuildPhase section */
		CEEBFB5A1F87BC010040B2EB /* Sources */ = {
			isa = PBXSourcesBuildPhase;
			buildActionMask = 2147483647;
			files = (
				CE5072BE1F8A92DB00B34987 /* TextPostDetailViewController.m in Sources */,
				CE9734541F89A45D0050EE9C /* PostsDataSource.m in Sources */,
				CE5072C21F8A92F500B34987 /* PhotoPostDetailViewController.m in Sources */,
				CE5072BB1F8A849900B34987 /* PostTableViewCell.m in Sources */,
				CEEBFB961F8807B00040B2EB /* Post.m in Sources */,
				CE9734501F899FE40050EE9C /* PostsViewController.m in Sources */,
				CEEBFB711F87BC010040B2EB /* main.m in Sources */,
				CE100CBE1F882B3D001C2656 /* User.m in Sources */,
				CE5072C51F8AD36400B34987 /* PhotoTableViewCell.m in Sources */,
				CEEBFB8D1F87D5420040B2EB /* XMLDictionary.m in Sources */,
				CEEBFB8C1F87CA620040B2EB /* TumblrAPIClient.m in Sources */,
				CEEBFB631F87BC010040B2EB /* AppDelegate.m in Sources */,
			);
			runOnlyForDeploymentPostprocessing = 0;
		};
		CEEBFB721F87BC010040B2EB /* Sources */ = {
			isa = PBXSourcesBuildPhase;
			buildActionMask = 2147483647;
			files = (
				CEEBFB7B1F87BC010040B2EB /* TumblrAppObjcTests.m in Sources */,
			);
			runOnlyForDeploymentPostprocessing = 0;
		};
/* End PBXSourcesBuildPhase section */

/* Begin PBXTargetDependency section */
		CEEBFB781F87BC010040B2EB /* PBXTargetDependency */ = {
			isa = PBXTargetDependency;
			target = CEEBFB5D1F87BC010040B2EB /* TumblrAppObjc */;
			targetProxy = CEEBFB771F87BC010040B2EB /* PBXContainerItemProxy */;
		};
/* End PBXTargetDependency section */

/* Begin XCBuildConfiguration section */
		CEEBFB7D1F87BC010040B2EB /* Debug */ = {
			isa = XCBuildConfiguration;
			buildSettings = {
				ALWAYS_SEARCH_USER_PATHS = NO;
				CLANG_ANALYZER_NONNULL = YES;
				CLANG_ANALYZER_NUMBER_OBJECT_CONVERSION = YES_AGGRESSIVE;
				CLANG_CXX_LANGUAGE_STANDARD = "gnu++14";
				CLANG_CXX_LIBRARY = "libc++";
				CLANG_ENABLE_MODULES = YES;
				CLANG_ENABLE_OBJC_ARC = YES;
				CLANG_WARN_BLOCK_CAPTURE_AUTORELEASING = YES;
				CLANG_WARN_BOOL_CONVERSION = YES;
				CLANG_WARN_COMMA = YES;
				CLANG_WARN_CONSTANT_CONVERSION = YES;
				CLANG_WARN_DIRECT_OBJC_ISA_USAGE = YES_ERROR;
				CLANG_WARN_DOCUMENTATION_COMMENTS = YES;
				CLANG_WARN_EMPTY_BODY = YES;
				CLANG_WARN_ENUM_CONVERSION = YES;
				CLANG_WARN_INFINITE_RECURSION = YES;
				CLANG_WARN_INT_CONVERSION = YES;
				CLANG_WARN_NON_LITERAL_NULL_CONVERSION = YES;
				CLANG_WARN_OBJC_LITERAL_CONVERSION = YES;
				CLANG_WARN_OBJC_ROOT_CLASS = YES_ERROR;
				CLANG_WARN_RANGE_LOOP_ANALYSIS = YES;
				CLANG_WARN_STRICT_PROTOTYPES = YES;
				CLANG_WARN_SUSPICIOUS_MOVE = YES;
				CLANG_WARN_UNGUARDED_AVAILABILITY = YES_AGGRESSIVE;
				CLANG_WARN_UNREACHABLE_CODE = YES;
				CLANG_WARN__DUPLICATE_METHOD_MATCH = YES;
				CODE_SIGN_IDENTITY = "iPhone Developer";
				COPY_PHASE_STRIP = NO;
				DEBUG_INFORMATION_FORMAT = dwarf;
				ENABLE_STRICT_OBJC_MSGSEND = YES;
				ENABLE_TESTABILITY = YES;
				GCC_C_LANGUAGE_STANDARD = gnu11;
				GCC_DYNAMIC_NO_PIC = NO;
				GCC_NO_COMMON_BLOCKS = YES;
				GCC_OPTIMIZATION_LEVEL = 0;
				GCC_PREPROCESSOR_DEFINITIONS = (
					"DEBUG=1",
					"$(inherited)",
				);
				GCC_WARN_64_TO_32_BIT_CONVERSION = YES;
				GCC_WARN_ABOUT_RETURN_TYPE = YES_ERROR;
				GCC_WARN_UNDECLARED_SELECTOR = YES;
				GCC_WARN_UNINITIALIZED_AUTOS = YES_AGGRESSIVE;
				GCC_WARN_UNUSED_FUNCTION = YES;
				GCC_WARN_UNUSED_VARIABLE = YES;
				IPHONEOS_DEPLOYMENT_TARGET = 11.0;
				MTL_ENABLE_DEBUG_INFO = YES;
				ONLY_ACTIVE_ARCH = YES;
				SDKROOT = iphoneos;
			};
			name = Debug;
		};
		CEEBFB7E1F87BC010040B2EB /* Release */ = {
			isa = XCBuildConfiguration;
			buildSettings = {
				ALWAYS_SEARCH_USER_PATHS = NO;
				CLANG_ANALYZER_NONNULL = YES;
				CLANG_ANALYZER_NUMBER_OBJECT_CONVERSION = YES_AGGRESSIVE;
				CLANG_CXX_LANGUAGE_STANDARD = "gnu++14";
				CLANG_CXX_LIBRARY = "libc++";
				CLANG_ENABLE_MODULES = YES;
				CLANG_ENABLE_OBJC_ARC = YES;
				CLANG_WARN_BLOCK_CAPTURE_AUTORELEASING = YES;
				CLANG_WARN_BOOL_CONVERSION = YES;
				CLANG_WARN_COMMA = YES;
				CLANG_WARN_CONSTANT_CONVERSION = YES;
				CLANG_WARN_DIRECT_OBJC_ISA_USAGE = YES_ERROR;
				CLANG_WARN_DOCUMENTATION_COMMENTS = YES;
				CLANG_WARN_EMPTY_BODY = YES;
				CLANG_WARN_ENUM_CONVERSION = YES;
				CLANG_WARN_INFINITE_RECURSION = YES;
				CLANG_WARN_INT_CONVERSION = YES;
				CLANG_WARN_NON_LITERAL_NULL_CONVERSION = YES;
				CLANG_WARN_OBJC_LITERAL_CONVERSION = YES;
				CLANG_WARN_OBJC_ROOT_CLASS = YES_ERROR;
				CLANG_WARN_RANGE_LOOP_ANALYSIS = YES;
				CLANG_WARN_STRICT_PROTOTYPES = YES;
				CLANG_WARN_SUSPICIOUS_MOVE = YES;
				CLANG_WARN_UNGUARDED_AVAILABILITY = YES_AGGRESSIVE;
				CLANG_WARN_UNREACHABLE_CODE = YES;
				CLANG_WARN__DUPLICATE_METHOD_MATCH = YES;
				CODE_SIGN_IDENTITY = "iPhone Developer";
				COPY_PHASE_STRIP = NO;
				DEBUG_INFORMATION_FORMAT = "dwarf-with-dsym";
				ENABLE_NS_ASSERTIONS = NO;
				ENABLE_STRICT_OBJC_MSGSEND = YES;
				GCC_C_LANGUAGE_STANDARD = gnu11;
				GCC_NO_COMMON_BLOCKS = YES;
				GCC_WARN_64_TO_32_BIT_CONVERSION = YES;
				GCC_WARN_ABOUT_RETURN_TYPE = YES_ERROR;
				GCC_WARN_UNDECLARED_SELECTOR = YES;
				GCC_WARN_UNINITIALIZED_AUTOS = YES_AGGRESSIVE;
				GCC_WARN_UNUSED_FUNCTION = YES;
				GCC_WARN_UNUSED_VARIABLE = YES;
				IPHONEOS_DEPLOYMENT_TARGET = 11.0;
				MTL_ENABLE_DEBUG_INFO = NO;
				SDKROOT = iphoneos;
				VALIDATE_PRODUCT = YES;
			};
			name = Release;
		};
		CEEBFB801F87BC010040B2EB /* Debug */ = {
			isa = XCBuildConfiguration;
			baseConfigurationReference = B435302FA05B3F7FDF8A04D2 /* Pods-TumblrAppObjc.debug.xcconfig */;
			buildSettings = {
				ASSETCATALOG_COMPILER_APPICON_NAME = AppIcon;
				CODE_SIGN_STYLE = Automatic;
				DEVELOPMENT_TEAM = C5BCJV46N9;
				INFOPLIST_FILE = "$(SRCROOT)/TumblrAppObjc/SupportingFiles/Info.plist";
				IPHONEOS_DEPLOYMENT_TARGET = 9.1;
				LD_RUNPATH_SEARCH_PATHS = "$(inherited) @executable_path/Frameworks";
				PRODUCT_BUNDLE_IDENTIFIER = jakubmatula.TumblrAppObjc;
				PRODUCT_NAME = "$(TARGET_NAME)";
				TARGETED_DEVICE_FAMILY = "1,2";
			};
			name = Debug;
		};
		CEEBFB811F87BC010040B2EB /* Release */ = {
			isa = XCBuildConfiguration;
			baseConfigurationReference = F5164EE1C2CC165CAC19151B /* Pods-TumblrAppObjc.release.xcconfig */;
			buildSettings = {
				ASSETCATALOG_COMPILER_APPICON_NAME = AppIcon;
				CODE_SIGN_STYLE = Automatic;
				DEVELOPMENT_TEAM = C5BCJV46N9;
				INFOPLIST_FILE = "$(SRCROOT)/TumblrAppObjc/SupportingFiles/Info.plist";
				IPHONEOS_DEPLOYMENT_TARGET = 9.1;
				LD_RUNPATH_SEARCH_PATHS = "$(inherited) @executable_path/Frameworks";
				PRODUCT_BUNDLE_IDENTIFIER = jakubmatula.TumblrAppObjc;
				PRODUCT_NAME = "$(TARGET_NAME)";
				TARGETED_DEVICE_FAMILY = "1,2";
			};
			name = Release;
		};
		CEEBFB831F87BC010040B2EB /* Debug */ = {
			isa = XCBuildConfiguration;
			baseConfigurationReference = 0A33BF69608629B46D627D6C /* Pods-TumblrAppObjcTests.debug.xcconfig */;
			buildSettings = {
				BUNDLE_LOADER = "$(TEST_HOST)";
				CODE_SIGN_STYLE = Automatic;
				DEVELOPMENT_TEAM = C5BCJV46N9;
				INFOPLIST_FILE = TumblrAppObjcTests/Info.plist;
				LD_RUNPATH_SEARCH_PATHS = "$(inherited) @executable_path/Frameworks @loader_path/Frameworks";
				PRODUCT_BUNDLE_IDENTIFIER = jakubmatula.TumblrAppObjcTests;
				PRODUCT_NAME = "$(TARGET_NAME)";
				TARGETED_DEVICE_FAMILY = "1,2";
				TEST_HOST = "$(BUILT_PRODUCTS_DIR)/TumblrAppObjc.app/TumblrAppObjc";
			};
			name = Debug;
		};
		CEEBFB841F87BC010040B2EB /* Release */ = {
			isa = XCBuildConfiguration;
			baseConfigurationReference = 3D634726950898D957A81E96 /* Pods-TumblrAppObjcTests.release.xcconfig */;
			buildSettings = {
				BUNDLE_LOADER = "$(TEST_HOST)";
				CODE_SIGN_STYLE = Automatic;
				DEVELOPMENT_TEAM = C5BCJV46N9;
				INFOPLIST_FILE = TumblrAppObjcTests/Info.plist;
				LD_RUNPATH_SEARCH_PATHS = "$(inherited) @executable_path/Frameworks @loader_path/Frameworks";
				PRODUCT_BUNDLE_IDENTIFIER = jakubmatula.TumblrAppObjcTests;
				PRODUCT_NAME = "$(TARGET_NAME)";
				TARGETED_DEVICE_FAMILY = "1,2";
				TEST_HOST = "$(BUILT_PRODUCTS_DIR)/TumblrAppObjc.app/TumblrAppObjc";
			};
			name = Release;
		};
/* End XCBuildConfiguration section */

/* Begin XCConfigurationList section */
		CEEBFB591F87BC010040B2EB /* Build configuration list for PBXProject "TumblrAppObjc" */ = {
			isa = XCConfigurationList;
			buildConfigurations = (
				CEEBFB7D1F87BC010040B2EB /* Debug */,
				CEEBFB7E1F87BC010040B2EB /* Release */,
			);
			defaultConfigurationIsVisible = 0;
			defaultConfigurationName = Release;
		};
		CEEBFB7F1F87BC010040B2EB /* Build configuration list for PBXNativeTarget "TumblrAppObjc" */ = {
			isa = XCConfigurationList;
			buildConfigurations = (
				CEEBFB801F87BC010040B2EB /* Debug */,
				CEEBFB811F87BC010040B2EB /* Release */,
			);
			defaultConfigurationIsVisible = 0;
			defaultConfigurationName = Release;
		};
		CEEBFB821F87BC010040B2EB /* Build configuration list for PBXNativeTarget "TumblrAppObjcTests" */ = {
			isa = XCConfigurationList;
			buildConfigurations = (
				CEEBFB831F87BC010040B2EB /* Debug */,
				CEEBFB841F87BC010040B2EB /* Release */,
			);
			defaultConfigurationIsVisible = 0;
			defaultConfigurationName = Release;
		};
/* End XCConfigurationList section */
	};
	rootObject = CEEBFB561F87BC010040B2EB /* Project object */;
}
